// !$*UTF8*$!
{
	archiveVersion = 1;
	classes = {
	};
	objectVersion = 48;
	objects = {

/* Begin PBXBuildFile section */
		C4815F3F1F167E3900894A52 /* AppDelegate.swift in Sources */ = {isa = PBXBuildFile; fileRef = C4815F3E1F167E3900894A52 /* AppDelegate.swift */; };
		C4815F441F167E3900894A52 /* Main.storyboard in Resources */ = {isa = PBXBuildFile; fileRef = C4815F421F167E3900894A52 /* Main.storyboard */; };
		C4815F461F167E3900894A52 /* Assets.xcassets in Resources */ = {isa = PBXBuildFile; fileRef = C4815F451F167E3900894A52 /* Assets.xcassets */; };
		C4E253DB1F16806A00BCFC4A /* ImageViewController.swift in Sources */ = {isa = PBXBuildFile; fileRef = C4E253DA1F16806A00BCFC4A /* ImageViewController.swift */; };
		C4E253DD1F16808000BCFC4A /* UniversityViewController.swift in Sources */ = {isa = PBXBuildFile; fileRef = C4E253DC1F16808000BCFC4A /* UniversityViewController.swift */; };
/* End PBXBuildFile section */

/* Begin PBXFileReference section */
		C4815F3B1F167E3900894A52 /* Advanced_iOS_Development.app */ = {isa = PBXFileReference; explicitFileType = wrapper.application; includeInIndex = 0; path = Advanced_iOS_Development.app; sourceTree = BUILT_PRODUCTS_DIR; };
		C4815F3E1F167E3900894A52 /* AppDelegate.swift */ = {isa = PBXFileReference; lastKnownFileType = sourcecode.swift; path = AppDelegate.swift; sourceTree = "<group>"; };
		C4815F431F167E3900894A52 /* Base */ = {isa = PBXFileReference; lastKnownFileType = file.storyboard; name = Base; path = Base.lproj/Main.storyboard; sourceTree = "<group>"; };
		C4815F451F167E3900894A52 /* Assets.xcassets */ = {isa = PBXFileReference; lastKnownFileType = folder.assetcatalog; path = Assets.xcassets; sourceTree = "<group>"; };
		C4815F4A1F167E3900894A52 /* Info.plist */ = {isa = PBXFileReference; lastKnownFileType = text.plist.xml; path = Info.plist; sourceTree = "<group>"; };
		C4E253D91F167E7300BCFC4A /* Base */ = {isa = PBXFileReference; lastKnownFileType = file.storyboard; name = Base; path = Base.lproj/LaunchScreen.storyboard; sourceTree = "<group>"; };
		C4E253DA1F16806A00BCFC4A /* ImageViewController.swift */ = {isa = PBXFileReference; lastKnownFileType = sourcecode.swift; path = ImageViewController.swift; sourceTree = "<group>"; };
		C4E253DC1F16808000BCFC4A /* UniversityViewController.swift */ = {isa = PBXFileReference; lastKnownFileType = sourcecode.swift; path = UniversityViewController.swift; sourceTree = "<group>"; };
/* End PBXFileReference section */

/* Begin PBXFrameworksBuildPhase section */
		C4815F381F167E3900894A52 /* Frameworks */ = {
			isa = PBXFrameworksBuildPhase;
			buildActionMask = 2147483647;
			files = (
			);
			runOnlyForDeploymentPostprocessing = 0;
		};
/* End PBXFrameworksBuildPhase section */

/* Begin PBXGroup section */
		C4815F321F167E3900894A52 = {
			isa = PBXGroup;
			children = (
				C4815F3D1F167E3900894A52 /* Advanced_iOS_Development */,
				C4815F3C1F167E3900894A52 /* Products */,
			);
			sourceTree = "<group>";
		};
		C4815F3C1F167E3900894A52 /* Products */ = {
			isa = PBXGroup;
			children = (
				C4815F3B1F167E3900894A52 /* Advanced_iOS_Development.app */,
			);
			name = Products;
			sourceTree = "<group>";
		};
		C4815F3D1F167E3900894A52 /* Advanced_iOS_Development */ = {
			isa = PBXGroup;
			children = (
				C4E253D81F167E7300BCFC4A /* LaunchScreen.storyboard */,
				C4815F3E1F167E3900894A52 /* AppDelegate.swift */,
				C4815F451F167E3900894A52 /* Assets.xcassets */,
				C4815F4A1F167E3900894A52 /* Info.plist */,
				C4815F421F167E3900894A52 /* Main.storyboard */,
				C4E253DA1F16806A00BCFC4A /* ImageViewController.swift */,
				C4E253DC1F16808000BCFC4A /* UniversityViewController.swift */,
			);
			path = Advanced_iOS_Development;
			sourceTree = "<group>";
		};
/* End PBXGroup section */

/* Begin PBXNativeTarget section */
		C4815F3A1F167E3900894A52 /* Advanced_iOS_Development */ = {
			isa = PBXNativeTarget;
			buildConfigurationList = C4815F4D1F167E3900894A52 /* Build configuration list for PBXNativeTarget "Advanced_iOS_Development" */;
			buildPhases = (
				C4815F371F167E3900894A52 /* Sources */,
				C4815F381F167E3900894A52 /* Frameworks */,
				C4815F391F167E3900894A52 /* Resources */,
			);
			buildRules = (
			);
			dependencies = (
			);
			name = Advanced_iOS_Development;
			productName = Advanced_iOS_Development;
			productReference = C4815F3B1F167E3900894A52 /* Advanced_iOS_Development.app */;
			productType = "com.apple.product-type.application";
		};
/* End PBXNativeTarget section */

/* Begin PBXProject section */
		C4815F331F167E3900894A52 /* Project object */ = {
			isa = PBXProject;
			attributes = {
				LastSwiftUpdateCheck = 0900;
				LastUpgradeCheck = 0900;
				ORGANIZATIONNAME = "李锐";
				TargetAttributes = {
					C4815F3A1F167E3900894A52 = {
						CreatedOnToolsVersion = 9.0;
					};
				};
			};
			buildConfigurationList = C4815F361F167E3900894A52 /* Build configuration list for PBXProject "Advanced_iOS_Development" */;
			compatibilityVersion = "Xcode 8.0";
			developmentRegion = en;
			hasScannedForEncodings = 0;
			knownRegions = (
				en,
				Base,
			);
			mainGroup = C4815F321F167E3900894A52;
			productRefGroup = C4815F3C1F167E3900894A52 /* Products */;
			projectDirPath = "";
			projectRoot = "";
			targets = (
				C4815F3A1F167E3900894A52 /* Advanced_iOS_Development */,
			);
		};
/* End PBXProject section */

/* Begin PBXResourcesBuildPhase section */
		C4815F391F167E3900894A52 /* Resources */ = {
			isa = PBXResourcesBuildPhase;
			buildActionMask = 2147483647;
			files = (
				C4815F461F167E3900894A52 /* Assets.xcassets in Resources */,
				C4815F441F167E3900894A52 /* Main.storyboard in Resources */,
			);
			runOnlyForDeploymentPostprocessing = 0;
		};
/* End PBXResourcesBuildPhase section */

/* Begin PBXSourcesBuildPhase section */
		C4815F371F167E3900894A52 /* Sources */ = {
			isa = PBXSourcesBuildPhase;
			buildActionMask = 2147483647;
			files = (
				C4E253DB1F16806A00BCFC4A /* ImageViewController.swift in Sources */,
				C4E253DD1F16808000BCFC4A /* UniversityViewController.swift in Sources */,
				C4815F3F1F167E3900894A52 /* AppDelegate.swift in Sources */,
			);
			runOnlyForDeploymentPostprocessing = 0;
		};
/* End PBXSourcesBuildPhase section */

/* Begin PBXVariantGroup section */
		C4815F421F167E3900894A52 /* Main.storyboard */ = {
			isa = PBXVariantGroup;
			children = (
				C4815F431F167E3900894A52 /* Base */,
			);
			name = Main.storyboard;
			sourceTree = "<group>";
		};
		C4E253D81F167E7300BCFC4A /* LaunchScreen.storyboard */ = {
			isa = PBXVariantGroup;
			children = (
				C4E253D91F167E7300BCFC4A /* Base */,
			);
			name = LaunchScreen.storyboard;
			sourceTree = "<group>";
		};
/* End PBXVariantGroup section */

/* Begin XCBuildConfiguration section */
		C4815F4B1F167E3900894A52 /* Debug */ = {
			isa = XCBuildConfiguration;
			buildSettings = {
				ALWAYS_SEARCH_USER_PATHS = NO;
				CLANG_ANALYZER_NONNULL = YES;
				CLANG_ANALYZER_NUMBER_OBJECT_CONVERSION = YES_AGGRESSIVE;
				CLANG_CXX_LANGUAGE_STANDARD = "gnu++14";
				CLANG_CXX_LIBRARY = "libc++";
				CLANG_ENABLE_MODULES = YES;
				CLANG_ENABLE_OBJC_ARC = YES;
				CLANG_WARN_BLOCK_CAPTURE_AUTORELEASING = YES;
				CLANG_WARN_BOOL_CONVERSION = YES;
				CLANG_WARN_COMMA = YES;
				CLANG_WARN_CONSTANT_CONVERSION = YES;
				CLANG_WARN_DIRECT_OBJC_ISA_USAGE = YES_ERROR;
				CLANG_WARN_DOCUMENTATION_COMMENTS = YES;
				CLANG_WARN_EMPTY_BODY = YES;
				CLANG_WARN_ENUM_CONVERSION = YES;
				CLANG_WARN_INFINITE_RECURSION = YES;
				CLANG_WARN_INT_CONVERSION = YES;
				CLANG_WARN_OBJC_ROOT_CLASS = YES_ERROR;
				CLANG_WARN_RANGE_LOOP_ANALYSIS = YES;
				CLANG_WARN_STRICT_PROTOTYPES = YES;
				CLANG_WARN_SUSPICIOUS_MOVE = YES;
				CLANG_WARN_UNGUARDED_AVAILABILITY = YES_AGGRESSIVE;
				CLANG_WARN_UNREACHABLE_CODE = YES;
				CLANG_WARN__DUPLICATE_METHOD_MATCH = YES;
				CODE_SIGN_IDENTITY = "iPhone Developer";
				COPY_PHASE_STRIP = NO;
				DEBUG_INFORMATION_FORMAT = dwarf;
				ENABLE_STRICT_OBJC_MSGSEND = YES;
				ENABLE_TESTABILITY = YES;
				GCC_C_LANGUAGE_STANDARD = gnu11;
				GCC_DYNAMIC_NO_PIC = NO;
				GCC_NO_COMMON_BLOCKS = YES;
				GCC_OPTIMIZATION_LEVEL = 0;
				GCC_PREPROCESSOR_DEFINITIONS = (
					"DEBUG=1",
					"$(inherited)",
				);
				GCC_WARN_64_TO_32_BIT_CONVERSION = YES;
				GCC_WARN_ABOUT_RETURN_TYPE = YES_ERROR;
				GCC_WARN_UNDECLARED_SELECTOR = YES;
				GCC_WARN_UNINITIALIZED_AUTOS = YES_AGGRESSIVE;
				GCC_WARN_UNUSED_FUNCTION = YES;
				GCC_WARN_UNUSED_VARIABLE = YES;
				IPHONEOS_DEPLOYMENT_TARGET = 11.0;
				MTL_ENABLE_DEBUG_INFO = YES;
				ONLY_ACTIVE_ARCH = YES;
				SDKROOT = iphoneos;
				SWIFT_ACTIVE_COMPILATION_CONDITIONS = DEBUG;
				SWIFT_OPTIMIZATION_LEVEL = "-Onone";
			};
			name = Debug;
		};
		C4815F4C1F167E3900894A52 /* Release */ = {
			isa = XCBuildConfiguration;
			buildSettings = {
				ALWAYS_SEARCH_USER_PATHS = NO;
				CLANG_ANALYZER_NONNULL = YES;
				CLANG_ANALYZER_NUMBER_OBJECT_CONVERSION = YES_AGGRESSIVE;
				CLANG_CXX_LANGUAGE_STANDARD = "gnu++14";
				CLANG_CXX_LIBRARY = "libc++";
				CLANG_ENABLE_MODULES = YES;
				CLANG_ENABLE_OBJC_ARC = YES;
				CLANG_WARN_BLOCK_CAPTURE_AUTORELEASING = YES;
				CLANG_WARN_BOOL_CONVERSION = YES;
				CLANG_WARN_COMMA = YES;
				CLANG_WARN_CONSTANT_CONVERSION = YES;
				CLANG_WARN_DIRECT_OBJC_ISA_USAGE = YES_ERROR;
				CLANG_WARN_DOCUMENTATION_COMMENTS = YES;
				CLANG_WARN_EMPTY_BODY = YES;
				CLANG_WARN_ENUM_CONVERSION = YES;
				CLANG_WARN_INFINITE_RECURSION = YES;
				CLANG_WARN_INT_CONVERSION = YES;
				CLANG_WARN_OBJC_ROOT_CLASS = YES_ERROR;
				CLANG_WARN_RANGE_LOOP_ANALYSIS = YES;
				CLANG_WARN_STRICT_PROTOTYPES = YES;
				CLANG_WARN_SUSPICIOUS_MOVE = YES;
				CLANG_WARN_UNGUARDED_AVAILABILITY = YES_AGGRESSIVE;
				CLANG_WARN_UNREACHABLE_CODE = YES;
				CLANG_WARN__DUPLICATE_METHOD_MATCH = YES;
				CODE_SIGN_IDENTITY = "iPhone Developer";
				COPY_PHASE_STRIP = NO;
				DEBUG_INFORMATION_FORMAT = "dwarf-with-dsym";
				ENABLE_NS_ASSERTIONS = NO;
				ENABLE_STRICT_OBJC_MSGSEND = YES;
				GCC_C_LANGUAGE_STANDARD = gnu11;
				GCC_NO_COMMON_BLOCKS = YES;
				GCC_WARN_64_TO_32_BIT_CONVERSION = YES;
				GCC_WARN_ABOUT_RETURN_TYPE = YES_ERROR;
				GCC_WARN_UNDECLARED_SELECTOR = YES;
				GCC_WARN_UNINITIALIZED_AUTOS = YES_AGGRESSIVE;
				GCC_WARN_UNUSED_FUNCTION = YES;
				GCC_WARN_UNUSED_VARIABLE = YES;
				IPHONEOS_DEPLOYMENT_TARGET = 11.0;
				MTL_ENABLE_DEBUG_INFO = NO;
				SDKROOT = iphoneos;
				SWIFT_OPTIMIZATION_LEVEL = "-Owholemodule";
				VALIDATE_PRODUCT = YES;
			};
			name = Release;
		};
		C4815F4E1F167E3900894A52 /* Debug */ = {
			isa = XCBuildConfiguration;
			buildSettings = {
				ASSETCATALOG_COMPILER_APPICON_NAME = AppIcon;
				DEVELOPMENT_TEAM = 4ERNHDBJN5;
				INFOPLIST_FILE = Advanced_iOS_Development/Info.plist;
				IPHONEOS_DEPLOYMENT_TARGET = 10.3;
				LD_RUNPATH_SEARCH_PATHS = "$(inherited) @executable_path/Frameworks";
				PRODUCT_BUNDLE_IDENTIFIER = "lirui.Advanced-iOS-Development";
				PRODUCT_NAME = "$(TARGET_NAME)";
				SWIFT_VERSION = 3.0;
				TARGETED_DEVICE_FAMILY = "1,2";
			};
			name = Debug;
		};
		C4815F4F1F167E3900894A52 /* Release */ = {
			isa = XCBuildConfiguration;
			buildSettings = {
				ASSETCATALOG_COMPILER_APPICON_NAME = AppIcon;
				DEVELOPMENT_TEAM = 4ERNHDBJN5;
				INFOPLIST_FILE = Advanced_iOS_Development/Info.plist;
				IPHONEOS_DEPLOYMENT_TARGET = 10.3;
				LD_RUNPATH_SEARCH_PATHS = "$(inherited) @executable_path/Frameworks";
				PRODUCT_BUNDLE_IDENTIFIER = "lirui.Advanced-iOS-Development";
				PRODUCT_NAME = "$(TARGET_NAME)";
				SWIFT_VERSION = 3.0;
				TARGETED_DEVICE_FAMILY = "1,2";
			};
			name = Release;
		};
/* End XCBuildConfiguration section */

/* Begin XCConfigurationList section */
		C4815F361F167E3900894A52 /* Build configuration list for PBXProject "Advanced_iOS_Development" */ = {
			isa = XCConfigurationList;
			buildConfigurations = (
				C4815F4B1F167E3900894A52 /* Debug */,
				C4815F4C1F167E3900894A52 /* Release */,
			);
			defaultConfigurationIsVisible = 0;
			defaultConfigurationName = Release;
		};
		C4815F4D1F167E3900894A52 /* Build configuration list for PBXNativeTarget "Advanced_iOS_Development" */ = {
			isa = XCConfigurationList;
			buildConfigurations = (
				C4815F4E1F167E3900894A52 /* Debug */,
				C4815F4F1F167E3900894A52 /* Release */,
			);
			defaultConfigurationIsVisible = 0;
			defaultConfigurationName = Release;
		};
/* End XCConfigurationList section */
	};
	rootObject = C4815F331F167E3900894A52 /* Project object */;
}
